
Microsoft Visual Studio Solution File, Format Version 11.00
# Visual Studio 2010
Project("{FAE04EC0-301F-11D3-BF4B-00C04F79EFBC}") = "Assembly-CSharp", "Assembly-CSharp.csproj", "{108D27CE-0075-CD9B-2078-667AEFFF632B}"
EndProject
Global
	GlobalSection(SolutionConfigurationPlatforms) = preSolution
		Debug|Any CPU = Debug|Any CPU
		Release|Any CPU = Release|Any CPU
	EndGlobalSection
	GlobalSection(ProjectConfigurationPlatforms) = postSolution
		{108D27CE-0075-CD9B-2078-667AEFFF632B}.Debug|Any CPU.ActiveCfg = Debug|Any CPU
		{108D27CE-0075-CD9B-2078-667AEFFF632B}.Debug|Any CPU.Build.0 = Debug|Any CPU
		{108D27CE-0075-CD9B-2078-667AEFFF632B}.Release|Any CPU.ActiveCfg = Release|Any CPU
		{108D27CE-0075-CD9B-2078-667AEFFF632B}.Release|Any CPU.Build.0 = Release|Any CPU
	EndGlobalSection
	GlobalSection(SolutionProperties) = preSolution
		HideSolutionNode = FALSE
	EndGlobalSection
EndGlobal
